{
  "nodes": {
    "nix": {
      "info": {
        "lastModified": 1585821341,
        "narHash": "sha256-46jAkrs85jQaC1dmGaFLJhPMCGfxGqLOpoS9XonLneg="
      },
      "inputs": {
        "nixpkgs": "nixpkgs"
      },
      "locked": {
        "owner": "NixOS",
        "repo": "nix",
        "rev": "00e1400eb741d4f5329a6bcfdc8946617967dcb1",
        "type": "github"
      },
      "original": {
        "id": "nix",
        "type": "indirect"
      }
    },
    "nixpkgs": {
      "info": {
        "lastModified": 1585405475,
        "narHash": "sha256-bESW0n4KgPmZ0luxvwJ+UyATrC6iIltVCsGdLiphVeE="
      },
      "locked": {
        "owner": "NixOS",
        "repo": "nixpkgs",
        "rev": "b88ff468e9850410070d4e0ccd68c7011f15b2be",
        "type": "github"
      },
      "original": {
        "id": "nixpkgs",
        "ref": "nixos-20.03-small",
        "type": "indirect"
      }
    },
    "nixpkgs_2": {
      "info": {
        "lastModified": 1585405475,
        "narHash": "sha256-bESW0n4KgPmZ0luxvwJ+UyATrC6iIltVCsGdLiphVeE="
      },
      "locked": {
        "owner": "NixOS",
        "repo": "nixpkgs",
        "rev": "b88ff468e9850410070d4e0ccd68c7011f15b2be",
        "type": "github"
      },
      "original": {
        "id": "nixpkgs",
        "ref": "nixos-20.03-small",
        "type": "indirect"
      }
    },
    "root": {
      "inputs": {
        "nix": "nix",
        "nixpkgs": "nixpkgs_2"
      }
    }
  },
  "root": "root",
  "version": 5
}
