{
  "nodes": {
    "nix": {
      "info": {
        "lastModified": 1581473412,
        "narHash": "sha256-UGad0pk3LB3xKDgfs23AEpp+jnU6IIk8cj6FroYu2t0="
      },
      "inputs": {
        "nixpkgs": "nixpkgs"
      },
      "locked": {
        "owner": "kreisys",
        "repo": "nix",
        "rev": "26280b906939be5b5334985ac772bd0d61d657e4",
        "type": "github"
      },
      "original": {
        "owner": "kreisys",
        "ref": "flakes",
        "repo": "nix",
        "type": "github"
      }
    },
    "nixpkgs": {
      "info": {
        "lastModified": 1581465827,
        "narHash": "sha256-/GrUGIQ6zykfVfksl0VmckMzPYet0NEXA3T6wdc/8z4="
      },
      "locked": {
        "owner": "kreisys",
        "repo": "nixpkgs",
        "rev": "598001867d690b74efb3c87541aca59715052d58",
        "type": "github"
      },
      "original": {
        "owner": "kreisys",
        "repo": "nixpkgs",
        "type": "github"
      }
    },
    "nixpkgs_2": {
      "info": {
        "lastModified": 1581465827,
        "narHash": "sha256-/GrUGIQ6zykfVfksl0VmckMzPYet0NEXA3T6wdc/8z4="
      },
      "locked": {
        "owner": "kreisys",
        "repo": "nixpkgs",
        "rev": "598001867d690b74efb3c87541aca59715052d58",
        "type": "github"
      },
      "original": {
        "owner": "kreisys",
        "repo": "nixpkgs",
        "type": "github"
      }
    },
    "root": {
      "inputs": {
        "nix": "nix",
        "nixpkgs": "nixpkgs_2"
      }
    }
  },
  "root": "root",
  "version": 5
}
