{
  "nodes": {
    "nix": {
      "info": {
        "lastModified": 1585418976,
        "narHash": "sha256-SB+GivLIbbShh13ova5YRsFF/trvoCUBGlhXmNzfcis="
      },
      "inputs": {
        "nixpkgs": "nixpkgs"
      },
      "locked": {
        "owner": "kreisys",
        "repo": "nix",
        "rev": "2fccef0c59f57ad276a60f6d3ae59dcc36a51027",
        "type": "github"
      },
      "original": {
        "owner": "kreisys",
        "ref": "flakes",
        "repo": "nix",
        "type": "github"
      }
    },
    "nixpkgs": {
      "info": {
        "lastModified": 1585439960,
        "narHash": "sha256-0PGQgzbjaLKdFDWgsafnFk6N8N4CQUpApcJyrzxHA0g="
      },
      "locked": {
        "owner": "kreisys",
        "repo": "nixpkgs",
        "rev": "85af8b47e331a77ba8092225fe9dba2609b491b9",
        "type": "github"
      },
      "original": {
        "owner": "kreisys",
        "repo": "nixpkgs",
        "type": "github"
      }
    },
    "nixpkgs_2": {
      "info": {
        "lastModified": 1585405475,
        "narHash": "sha256-bESW0n4KgPmZ0luxvwJ+UyATrC6iIltVCsGdLiphVeE="
      },
      "locked": {
        "owner": "NixOS",
        "repo": "nixpkgs",
        "rev": "b88ff468e9850410070d4e0ccd68c7011f15b2be",
        "type": "github"
      },
      "original": {
        "id": "nixpkgs",
        "ref": "nixos-20.03-small",
        "type": "indirect"
      }
    },
    "root": {
      "inputs": {
        "nix": "nix",
        "nixpkgs": "nixpkgs_2"
      }
    }
  },
  "root": "root",
  "version": 5
}
